// !$*UTF8*$!
{
	archiveVersion = 1;
	classes = {
	};
	objectVersion = 46;
	objects = {

/* Begin PBXBuildFile section */
		E2125E741A81CFE300A940E1 /* circle.png in Resources */ = {isa = PBXBuildFile; fileRef = E2125E731A81CFE300A940E1 /* circle.png */; };
		E2125E841A82902E00A940E1 /* square_eye.png in Resources */ = {isa = PBXBuildFile; fileRef = E2125E831A82902E00A940E1 /* square_eye.png */; };
		E2125E8C1A829D8C00A940E1 /* circle_eye.png in Resources */ = {isa = PBXBuildFile; fileRef = E2125E8B1A829D8C00A940E1 /* circle_eye.png */; };
		E2125E8E1A82CF2800A940E1 /* LevelEnd.swift in Sources */ = {isa = PBXBuildFile; fileRef = E2125E8D1A82CF2800A940E1 /* LevelEnd.swift */; };
		E2125E941A830B5600A940E1 /* round_rect_200x200.png in Resources */ = {isa = PBXBuildFile; fileRef = E2125E931A830B5600A940E1 /* round_rect_200x200.png */; };
		E2125E961A830CC800A940E1 /* round_rect_100x200.png in Resources */ = {isa = PBXBuildFile; fileRef = E2125E951A830CC800A940E1 /* round_rect_100x200.png */; };
		E2125E981A830D6600A940E1 /* round_rect_200x100.png in Resources */ = {isa = PBXBuildFile; fileRef = E2125E971A830D6600A940E1 /* round_rect_200x100.png */; };
		E2125E9A1A831B8400A940E1 /* star.png in Resources */ = {isa = PBXBuildFile; fileRef = E2125E991A831B8400A940E1 /* star.png */; };
		E2125E9C1A84019400A940E1 /* rainbow_200x200.png in Resources */ = {isa = PBXBuildFile; fileRef = E2125E9B1A84019400A940E1 /* rainbow_200x200.png */; };
		E2125EA01A84367D00A940E1 /* mouth.png in Resources */ = {isa = PBXBuildFile; fileRef = E2125E9F1A84367D00A940E1 /* mouth.png */; };
		E2125EA21A844A6C00A940E1 /* one_finger.png in Resources */ = {isa = PBXBuildFile; fileRef = E2125EA11A844A6C00A940E1 /* one_finger.png */; };
		E21A4EE81A76E07D00398442 /* AppDelegate.swift in Sources */ = {isa = PBXBuildFile; fileRef = E21A4EE71A76E07D00398442 /* AppDelegate.swift */; };
		E21A4EEC1A76E07E00398442 /* GameScene.swift in Sources */ = {isa = PBXBuildFile; fileRef = E21A4EEB1A76E07E00398442 /* GameScene.swift */; };
		E21A4EEE1A76E07E00398442 /* GameViewController.swift in Sources */ = {isa = PBXBuildFile; fileRef = E21A4EED1A76E07E00398442 /* GameViewController.swift */; };
		E21A4EF11A76E07E00398442 /* Main.storyboard in Resources */ = {isa = PBXBuildFile; fileRef = E21A4EEF1A76E07E00398442 /* Main.storyboard */; };
		E21A4EF31A76E07E00398442 /* Images.xcassets in Resources */ = {isa = PBXBuildFile; fileRef = E21A4EF21A76E07E00398442 /* Images.xcassets */; };
		E21A4EF61A76E07E00398442 /* LaunchScreen.xib in Resources */ = {isa = PBXBuildFile; fileRef = E21A4EF41A76E07E00398442 /* LaunchScreen.xib */; };
		E21A4F021A76E07E00398442 /* DatDitDotTests.swift in Sources */ = {isa = PBXBuildFile; fileRef = E21A4F011A76E07E00398442 /* DatDitDotTests.swift */; };
		E21A4F0D1A76E44D00398442 /* Dit.swift in Sources */ = {isa = PBXBuildFile; fileRef = E21A4F0C1A76E44D00398442 /* Dit.swift */; };
		E21A4F0F1A76E45D00398442 /* Dat.swift in Sources */ = {isa = PBXBuildFile; fileRef = E21A4F0E1A76E45D00398442 /* Dat.swift */; };
		E21A4F111A76E46600398442 /* Dot.swift in Sources */ = {isa = PBXBuildFile; fileRef = E21A4F101A76E46600398442 /* Dot.swift */; };
		E21A4F181A77019600398442 /* ColorUtils.swift in Sources */ = {isa = PBXBuildFile; fileRef = E21A4F171A77019600398442 /* ColorUtils.swift */; };
		E21A4F1A1A77024100398442 /* Level1.swift in Sources */ = {isa = PBXBuildFile; fileRef = E21A4F191A77024100398442 /* Level1.swift */; };
		E21A4F1C1A7703EC00398442 /* BaseD.swift in Sources */ = {isa = PBXBuildFile; fileRef = E21A4F1B1A7703EC00398442 /* BaseD.swift */; };
		E21A4F1E1A77271800398442 /* Position.swift in Sources */ = {isa = PBXBuildFile; fileRef = E21A4F1D1A77271800398442 /* Position.swift */; };
		E21A4F201A772E1100398442 /* Objective.swift in Sources */ = {isa = PBXBuildFile; fileRef = E21A4F1F1A772E1100398442 /* Objective.swift */; };
		E21A4F221A772EF800398442 /* DUtil.swift in Sources */ = {isa = PBXBuildFile; fileRef = E21A4F211A772EF800398442 /* DUtil.swift */; };
		E221DF2F1A85436200ECEDA1 /* triangle.png in Resources */ = {isa = PBXBuildFile; fileRef = E221DF2E1A85436200ECEDA1 /* triangle.png */; };
		E221DF311A8543D900ECEDA1 /* square.png in Resources */ = {isa = PBXBuildFile; fileRef = E221DF301A8543D900ECEDA1 /* square.png */; };
		E221DF331A85466400ECEDA1 /* restart.png in Resources */ = {isa = PBXBuildFile; fileRef = E221DF321A85466400ECEDA1 /* restart.png */; };
		E221DF391A8551B300ECEDA1 /* leaderboard.png in Resources */ = {isa = PBXBuildFile; fileRef = E221DF381A8551B300ECEDA1 /* leaderboard.png */; };
		E221DF3B1A855D0D00ECEDA1 /* Goals.swift in Sources */ = {isa = PBXBuildFile; fileRef = E221DF3A1A855D0C00ECEDA1 /* Goals.swift */; };
		E221DF3D1A858E0A00ECEDA1 /* BottomHud.swift in Sources */ = {isa = PBXBuildFile; fileRef = E221DF3C1A858E0A00ECEDA1 /* BottomHud.swift */; };
		E221DF411A858ECA00ECEDA1 /* RestartButton.swift in Sources */ = {isa = PBXBuildFile; fileRef = E221DF401A858ECA00ECEDA1 /* RestartButton.swift */; };
		E221DF431A858EEE00ECEDA1 /* LeaderboardButton.swift in Sources */ = {isa = PBXBuildFile; fileRef = E221DF421A858EEE00ECEDA1 /* LeaderboardButton.swift */; };
		E221DF451A859AA000ECEDA1 /* grid_60x60.png in Resources */ = {isa = PBXBuildFile; fileRef = E221DF441A859AA000ECEDA1 /* grid_60x60.png */; };
		E235B3881A7773D7009EFA74 /* Util.swift in Sources */ = {isa = PBXBuildFile; fileRef = E235B3871A7773D7009EFA74 /* Util.swift */; };
		E2EC49B21A78746200C06522 /* ObjectiveLabel.swift in Sources */ = {isa = PBXBuildFile; fileRef = E2EC49B11A78746200C06522 /* ObjectiveLabel.swift */; };
		E2EC49B41A799DF800C06522 /* Level.swift in Sources */ = {isa = PBXBuildFile; fileRef = E2EC49B31A799DF700C06522 /* Level.swift */; };
		E2EC49B61A799EC700C06522 /* LevelObjectives.swift in Sources */ = {isa = PBXBuildFile; fileRef = E2EC49B51A799EC700C06522 /* LevelObjectives.swift */; };
		E2EC49BA1A79AE4A00C06522 /* MessageBox.swift in Sources */ = {isa = PBXBuildFile; fileRef = E2EC49B91A79AE4A00C06522 /* MessageBox.swift */; };
		E2EC49BF1A79B6FD00C06522 /* Quicksand_Book.otf in Resources */ = {isa = PBXBuildFile; fileRef = E2EC49BE1A79B6FD00C06522 /* Quicksand_Book.otf */; };
		E2EC49C11A79B78700C06522 /* Quicksand_Bold.otf in Resources */ = {isa = PBXBuildFile; fileRef = E2EC49C01A79B78700C06522 /* Quicksand_Bold.otf */; };
		E2EC49C31A7AB3D200C06522 /* MainMenu.swift in Sources */ = {isa = PBXBuildFile; fileRef = E2EC49C21A7AB3D200C06522 /* MainMenu.swift */; };
		E2EC49D31A7ABF9E00C06522 /* CGFloat+Extensions.swift in Sources */ = {isa = PBXBuildFile; fileRef = E2EC49C71A7ABF9E00C06522 /* CGFloat+Extensions.swift */; };
		E2EC49D41A7ABF9E00C06522 /* CGPoint+Extensions.swift in Sources */ = {isa = PBXBuildFile; fileRef = E2EC49C81A7ABF9E00C06522 /* CGPoint+Extensions.swift */; };
		E2EC49D51A7ABF9E00C06522 /* CGVector+Extensions.swift in Sources */ = {isa = PBXBuildFile; fileRef = E2EC49C91A7ABF9E00C06522 /* CGVector+Extensions.swift */; };
		E2EC49D61A7ABF9E00C06522 /* Int+Extensions.swift in Sources */ = {isa = PBXBuildFile; fileRef = E2EC49CA1A7ABF9E00C06522 /* Int+Extensions.swift */; };
		E2EC49D71A7ABF9E00C06522 /* SKAction+Extensions.swift in Sources */ = {isa = PBXBuildFile; fileRef = E2EC49CB1A7ABF9E00C06522 /* SKAction+Extensions.swift */; };
		E2EC49D81A7ABF9E00C06522 /* SKAction+SpecialEffects.swift in Sources */ = {isa = PBXBuildFile; fileRef = E2EC49CC1A7ABF9E00C06522 /* SKAction+SpecialEffects.swift */; };
		E2EC49D91A7ABF9E00C06522 /* SKColor+Extensions.swift in Sources */ = {isa = PBXBuildFile; fileRef = E2EC49CD1A7ABF9E00C06522 /* SKColor+Extensions.swift */; };
		E2EC49DA1A7ABF9E00C06522 /* SKNode+Extensions.swift in Sources */ = {isa = PBXBuildFile; fileRef = E2EC49CE1A7ABF9E00C06522 /* SKNode+Extensions.swift */; };
		E2EC49DB1A7ABF9E00C06522 /* SKTAudio.swift in Sources */ = {isa = PBXBuildFile; fileRef = E2EC49CF1A7ABF9E00C06522 /* SKTAudio.swift */; };
		E2EC49DC1A7ABF9E00C06522 /* SKTEffects.swift in Sources */ = {isa = PBXBuildFile; fileRef = E2EC49D01A7ABF9E00C06522 /* SKTEffects.swift */; };
		E2EC49DD1A7ABF9E00C06522 /* SKTTimingFunctions.swift in Sources */ = {isa = PBXBuildFile; fileRef = E2EC49D11A7ABF9E00C06522 /* SKTTimingFunctions.swift */; };
		E2EC49DE1A7ABF9E00C06522 /* Vector3.swift in Sources */ = {isa = PBXBuildFile; fileRef = E2EC49D21A7ABF9E00C06522 /* Vector3.swift */; };
		E2EC49E01A7ABFA800C06522 /* LICENSE.txt in Resources */ = {isa = PBXBuildFile; fileRef = E2EC49DF1A7ABFA700C06522 /* LICENSE.txt */; };
		E2EC49E21A7B102000C06522 /* Level2.swift in Sources */ = {isa = PBXBuildFile; fileRef = E2EC49E11A7B102000C06522 /* Level2.swift */; };
		E2F7BB331A7C411A00DA377C /* Level10.swift in Sources */ = {isa = PBXBuildFile; fileRef = E2F7BB321A7C411A00DA377C /* Level10.swift */; };
		E2F7BB351A7C5AD300DA377C /* Quicksand SIL OFL License 1.1.txt in Resources */ = {isa = PBXBuildFile; fileRef = E2F7BB341A7C5AD200DA377C /* Quicksand SIL OFL License 1.1.txt */; };
		E2F7BB371A7D9D3500DA377C /* Level3.swift in Sources */ = {isa = PBXBuildFile; fileRef = E2F7BB361A7D9D3500DA377C /* Level3.swift */; };
		E2F7BB391A7DA45100DA377C /* RandomLevel.swift in Sources */ = {isa = PBXBuildFile; fileRef = E2F7BB381A7DA45100DA377C /* RandomLevel.swift */; };
		E2F7BB3D1A808B6300DA377C /* CustomActions.swift in Sources */ = {isa = PBXBuildFile; fileRef = E2F7BB3C1A808B6300DA377C /* CustomActions.swift */; };
		E2F7BB3F1A81605500DA377C /* Odin Rounded - Bold.otf in Resources */ = {isa = PBXBuildFile; fileRef = E2F7BB3E1A81605400DA377C /* Odin Rounded - Bold.otf */; };
		E2F7BB431A819E7100DA377C /* Level100.swift in Sources */ = {isa = PBXBuildFile; fileRef = E2F7BB421A819E7100DA377C /* Level100.swift */; };
/* End PBXBuildFile section */

/* Begin PBXContainerItemProxy section */
		E21A4EFC1A76E07E00398442 /* PBXContainerItemProxy */ = {
			isa = PBXContainerItemProxy;
			containerPortal = E21A4EDA1A76E07D00398442 /* Project object */;
			proxyType = 1;
			remoteGlobalIDString = E21A4EE11A76E07D00398442;
			remoteInfo = DatDitDot;
		};
/* End PBXContainerItemProxy section */

/* Begin PBXFileReference section */
		E2125E731A81CFE300A940E1 /* circle.png */ = {isa = PBXFileReference; lastKnownFileType = image.png; path = circle.png; sourceTree = "<group>"; };
		E2125E831A82902E00A940E1 /* square_eye.png */ = {isa = PBXFileReference; lastKnownFileType = image.png; path = square_eye.png; sourceTree = "<group>"; };
		E2125E8B1A829D8C00A940E1 /* circle_eye.png */ = {isa = PBXFileReference; lastKnownFileType = image.png; path = circle_eye.png; sourceTree = "<group>"; };
		E2125E8D1A82CF2800A940E1 /* LevelEnd.swift */ = {isa = PBXFileReference; fileEncoding = 4; lastKnownFileType = sourcecode.swift; path = LevelEnd.swift; sourceTree = "<group>"; };
		E2125E931A830B5600A940E1 /* round_rect_200x200.png */ = {isa = PBXFileReference; lastKnownFileType = image.png; path = round_rect_200x200.png; sourceTree = "<group>"; };
		E2125E951A830CC800A940E1 /* round_rect_100x200.png */ = {isa = PBXFileReference; lastKnownFileType = image.png; path = round_rect_100x200.png; sourceTree = "<group>"; };
		E2125E971A830D6600A940E1 /* round_rect_200x100.png */ = {isa = PBXFileReference; lastKnownFileType = image.png; path = round_rect_200x100.png; sourceTree = "<group>"; };
		E2125E991A831B8400A940E1 /* star.png */ = {isa = PBXFileReference; lastKnownFileType = image.png; path = star.png; sourceTree = "<group>"; };
		E2125E9B1A84019400A940E1 /* rainbow_200x200.png */ = {isa = PBXFileReference; lastKnownFileType = image.png; path = rainbow_200x200.png; sourceTree = "<group>"; };
		E2125E9F1A84367D00A940E1 /* mouth.png */ = {isa = PBXFileReference; lastKnownFileType = image.png; path = mouth.png; sourceTree = "<group>"; };
		E2125EA11A844A6C00A940E1 /* one_finger.png */ = {isa = PBXFileReference; lastKnownFileType = image.png; path = one_finger.png; sourceTree = "<group>"; };
		E21A4EE21A76E07D00398442 /* DatDitDot.app */ = {isa = PBXFileReference; explicitFileType = wrapper.application; includeInIndex = 0; path = DatDitDot.app; sourceTree = BUILT_PRODUCTS_DIR; };
		E21A4EE61A76E07D00398442 /* Info.plist */ = {isa = PBXFileReference; lastKnownFileType = text.plist.xml; path = Info.plist; sourceTree = "<group>"; };
		E21A4EE71A76E07D00398442 /* AppDelegate.swift */ = {isa = PBXFileReference; lastKnownFileType = sourcecode.swift; path = AppDelegate.swift; sourceTree = "<group>"; };
		E21A4EEB1A76E07E00398442 /* GameScene.swift */ = {isa = PBXFileReference; lastKnownFileType = sourcecode.swift; name = GameScene.swift; path = DatDitDot/GameScene.swift; sourceTree = "<group>"; };
		E21A4EED1A76E07E00398442 /* GameViewController.swift */ = {isa = PBXFileReference; lastKnownFileType = sourcecode.swift; path = GameViewController.swift; sourceTree = "<group>"; };
		E21A4EF01A76E07E00398442 /* Base */ = {isa = PBXFileReference; lastKnownFileType = file.storyboard; name = Base; path = Base.lproj/Main.storyboard; sourceTree = "<group>"; };
		E21A4EF21A76E07E00398442 /* Images.xcassets */ = {isa = PBXFileReference; lastKnownFileType = folder.assetcatalog; path = Images.xcassets; sourceTree = "<group>"; };
		E21A4EF51A76E07E00398442 /* Base */ = {isa = PBXFileReference; lastKnownFileType = file.xib; name = Base; path = Base.lproj/LaunchScreen.xib; sourceTree = "<group>"; };
		E21A4EFB1A76E07E00398442 /* DatDitDotTests.xctest */ = {isa = PBXFileReference; explicitFileType = wrapper.cfbundle; includeInIndex = 0; path = DatDitDotTests.xctest; sourceTree = BUILT_PRODUCTS_DIR; };
		E21A4F001A76E07E00398442 /* Info.plist */ = {isa = PBXFileReference; lastKnownFileType = text.plist.xml; path = Info.plist; sourceTree = "<group>"; };
		E21A4F011A76E07E00398442 /* DatDitDotTests.swift */ = {isa = PBXFileReference; lastKnownFileType = sourcecode.swift; path = DatDitDotTests.swift; sourceTree = "<group>"; };
		E21A4F0C1A76E44D00398442 /* Dit.swift */ = {isa = PBXFileReference; fileEncoding = 4; lastKnownFileType = sourcecode.swift; path = Dit.swift; sourceTree = "<group>"; };
		E21A4F0E1A76E45D00398442 /* Dat.swift */ = {isa = PBXFileReference; fileEncoding = 4; lastKnownFileType = sourcecode.swift; path = Dat.swift; sourceTree = "<group>"; };
		E21A4F101A76E46600398442 /* Dot.swift */ = {isa = PBXFileReference; fileEncoding = 4; lastKnownFileType = sourcecode.swift; path = Dot.swift; sourceTree = "<group>"; };
		E21A4F171A77019600398442 /* ColorUtils.swift */ = {isa = PBXFileReference; fileEncoding = 4; lastKnownFileType = sourcecode.swift; path = ColorUtils.swift; sourceTree = "<group>"; };
		E21A4F191A77024100398442 /* Level1.swift */ = {isa = PBXFileReference; fileEncoding = 4; lastKnownFileType = sourcecode.swift; path = Level1.swift; sourceTree = "<group>"; };
		E21A4F1B1A7703EC00398442 /* BaseD.swift */ = {isa = PBXFileReference; fileEncoding = 4; lastKnownFileType = sourcecode.swift; path = BaseD.swift; sourceTree = "<group>"; };
		E21A4F1D1A77271800398442 /* Position.swift */ = {isa = PBXFileReference; fileEncoding = 4; lastKnownFileType = sourcecode.swift; path = Position.swift; sourceTree = "<group>"; };
		E21A4F1F1A772E1100398442 /* Objective.swift */ = {isa = PBXFileReference; fileEncoding = 4; lastKnownFileType = sourcecode.swift; path = Objective.swift; sourceTree = "<group>"; };
		E21A4F211A772EF800398442 /* DUtil.swift */ = {isa = PBXFileReference; fileEncoding = 4; lastKnownFileType = sourcecode.swift; path = DUtil.swift; sourceTree = "<group>"; };
		E221DF2E1A85436200ECEDA1 /* triangle.png */ = {isa = PBXFileReference; lastKnownFileType = image.png; path = triangle.png; sourceTree = "<group>"; };
		E221DF301A8543D900ECEDA1 /* square.png */ = {isa = PBXFileReference; lastKnownFileType = image.png; path = square.png; sourceTree = "<group>"; };
		E221DF321A85466400ECEDA1 /* restart.png */ = {isa = PBXFileReference; lastKnownFileType = image.png; path = restart.png; sourceTree = "<group>"; };
		E221DF381A8551B300ECEDA1 /* leaderboard.png */ = {isa = PBXFileReference; lastKnownFileType = image.png; path = leaderboard.png; sourceTree = "<group>"; };
		E221DF3A1A855D0C00ECEDA1 /* Goals.swift */ = {isa = PBXFileReference; fileEncoding = 4; lastKnownFileType = sourcecode.swift; path = Goals.swift; sourceTree = "<group>"; };
		E221DF3C1A858E0A00ECEDA1 /* BottomHud.swift */ = {isa = PBXFileReference; fileEncoding = 4; lastKnownFileType = sourcecode.swift; path = BottomHud.swift; sourceTree = "<group>"; };
		E221DF401A858ECA00ECEDA1 /* RestartButton.swift */ = {isa = PBXFileReference; fileEncoding = 4; lastKnownFileType = sourcecode.swift; path = RestartButton.swift; sourceTree = "<group>"; };
		E221DF421A858EEE00ECEDA1 /* LeaderboardButton.swift */ = {isa = PBXFileReference; fileEncoding = 4; lastKnownFileType = sourcecode.swift; path = LeaderboardButton.swift; sourceTree = "<group>"; };
		E221DF441A859AA000ECEDA1 /* grid_60x60.png */ = {isa = PBXFileReference; lastKnownFileType = image.png; path = grid_60x60.png; sourceTree = "<group>"; };
		E235B3871A7773D7009EFA74 /* Util.swift */ = {isa = PBXFileReference; fileEncoding = 4; lastKnownFileType = sourcecode.swift; path = Util.swift; sourceTree = "<group>"; };
		E2EC49B11A78746200C06522 /* ObjectiveLabel.swift */ = {isa = PBXFileReference; fileEncoding = 4; lastKnownFileType = sourcecode.swift; path = ObjectiveLabel.swift; sourceTree = "<group>"; };
		E2EC49B31A799DF700C06522 /* Level.swift */ = {isa = PBXFileReference; fileEncoding = 4; lastKnownFileType = sourcecode.swift; path = Level.swift; sourceTree = "<group>"; };
		E2EC49B51A799EC700C06522 /* LevelObjectives.swift */ = {isa = PBXFileReference; fileEncoding = 4; lastKnownFileType = sourcecode.swift; path = LevelObjectives.swift; sourceTree = "<group>"; };
		E2EC49B91A79AE4A00C06522 /* MessageBox.swift */ = {isa = PBXFileReference; fileEncoding = 4; lastKnownFileType = sourcecode.swift; path = MessageBox.swift; sourceTree = "<group>"; };
		E2EC49BE1A79B6FD00C06522 /* Quicksand_Book.otf */ = {isa = PBXFileReference; lastKnownFileType = file; path = Quicksand_Book.otf; sourceTree = "<group>"; };
		E2EC49C01A79B78700C06522 /* Quicksand_Bold.otf */ = {isa = PBXFileReference; lastKnownFileType = file; path = Quicksand_Bold.otf; sourceTree = "<group>"; };
		E2EC49C21A7AB3D200C06522 /* MainMenu.swift */ = {isa = PBXFileReference; fileEncoding = 4; lastKnownFileType = sourcecode.swift; name = MainMenu.swift; path = DatDitDot/MainMenu.swift; sourceTree = "<group>"; };
		E2EC49C71A7ABF9E00C06522 /* CGFloat+Extensions.swift */ = {isa = PBXFileReference; fileEncoding = 4; lastKnownFileType = sourcecode.swift; path = "CGFloat+Extensions.swift"; sourceTree = "<group>"; };
		E2EC49C81A7ABF9E00C06522 /* CGPoint+Extensions.swift */ = {isa = PBXFileReference; fileEncoding = 4; lastKnownFileType = sourcecode.swift; path = "CGPoint+Extensions.swift"; sourceTree = "<group>"; };
		E2EC49C91A7ABF9E00C06522 /* CGVector+Extensions.swift */ = {isa = PBXFileReference; fileEncoding = 4; lastKnownFileType = sourcecode.swift; path = "CGVector+Extensions.swift"; sourceTree = "<group>"; };
		E2EC49CA1A7ABF9E00C06522 /* Int+Extensions.swift */ = {isa = PBXFileReference; fileEncoding = 4; lastKnownFileType = sourcecode.swift; path = "Int+Extensions.swift"; sourceTree = "<group>"; };
		E2EC49CB1A7ABF9E00C06522 /* SKAction+Extensions.swift */ = {isa = PBXFileReference; fileEncoding = 4; lastKnownFileType = sourcecode.swift; path = "SKAction+Extensions.swift"; sourceTree = "<group>"; };
		E2EC49CC1A7ABF9E00C06522 /* SKAction+SpecialEffects.swift */ = {isa = PBXFileReference; fileEncoding = 4; lastKnownFileType = sourcecode.swift; path = "SKAction+SpecialEffects.swift"; sourceTree = "<group>"; };
		E2EC49CD1A7ABF9E00C06522 /* SKColor+Extensions.swift */ = {isa = PBXFileReference; fileEncoding = 4; lastKnownFileType = sourcecode.swift; path = "SKColor+Extensions.swift"; sourceTree = "<group>"; };
		E2EC49CE1A7ABF9E00C06522 /* SKNode+Extensions.swift */ = {isa = PBXFileReference; fileEncoding = 4; lastKnownFileType = sourcecode.swift; path = "SKNode+Extensions.swift"; sourceTree = "<group>"; };
		E2EC49CF1A7ABF9E00C06522 /* SKTAudio.swift */ = {isa = PBXFileReference; fileEncoding = 4; lastKnownFileType = sourcecode.swift; path = SKTAudio.swift; sourceTree = "<group>"; };
		E2EC49D01A7ABF9E00C06522 /* SKTEffects.swift */ = {isa = PBXFileReference; fileEncoding = 4; lastKnownFileType = sourcecode.swift; path = SKTEffects.swift; sourceTree = "<group>"; };
		E2EC49D11A7ABF9E00C06522 /* SKTTimingFunctions.swift */ = {isa = PBXFileReference; fileEncoding = 4; lastKnownFileType = sourcecode.swift; path = SKTTimingFunctions.swift; sourceTree = "<group>"; };
		E2EC49D21A7ABF9E00C06522 /* Vector3.swift */ = {isa = PBXFileReference; fileEncoding = 4; lastKnownFileType = sourcecode.swift; path = Vector3.swift; sourceTree = "<group>"; };
		E2EC49DF1A7ABFA700C06522 /* LICENSE.txt */ = {isa = PBXFileReference; fileEncoding = 4; lastKnownFileType = text; path = LICENSE.txt; sourceTree = "<group>"; };
		E2EC49E11A7B102000C06522 /* Level2.swift */ = {isa = PBXFileReference; fileEncoding = 4; lastKnownFileType = sourcecode.swift; path = Level2.swift; sourceTree = "<group>"; };
		E2F7BB321A7C411A00DA377C /* Level10.swift */ = {isa = PBXFileReference; fileEncoding = 4; lastKnownFileType = sourcecode.swift; path = Level10.swift; sourceTree = "<group>"; };
		E2F7BB341A7C5AD200DA377C /* Quicksand SIL OFL License 1.1.txt */ = {isa = PBXFileReference; fileEncoding = 4; lastKnownFileType = text; path = "Quicksand SIL OFL License 1.1.txt"; sourceTree = "<group>"; };
		E2F7BB361A7D9D3500DA377C /* Level3.swift */ = {isa = PBXFileReference; fileEncoding = 4; lastKnownFileType = sourcecode.swift; path = Level3.swift; sourceTree = "<group>"; };
		E2F7BB381A7DA45100DA377C /* RandomLevel.swift */ = {isa = PBXFileReference; fileEncoding = 4; lastKnownFileType = sourcecode.swift; path = RandomLevel.swift; sourceTree = "<group>"; };
		E2F7BB3C1A808B6300DA377C /* CustomActions.swift */ = {isa = PBXFileReference; fileEncoding = 4; lastKnownFileType = sourcecode.swift; path = CustomActions.swift; sourceTree = "<group>"; };
		E2F7BB3E1A81605400DA377C /* Odin Rounded - Bold.otf */ = {isa = PBXFileReference; lastKnownFileType = file; path = "Odin Rounded - Bold.otf"; sourceTree = "<group>"; };
		E2F7BB421A819E7100DA377C /* Level100.swift */ = {isa = PBXFileReference; fileEncoding = 4; lastKnownFileType = sourcecode.swift; path = Level100.swift; sourceTree = "<group>"; };
/* End PBXFileReference section */

/* Begin PBXFrameworksBuildPhase section */
		E21A4EDF1A76E07D00398442 /* Frameworks */ = {
			isa = PBXFrameworksBuildPhase;
			buildActionMask = 2147483647;
			files = (
			);
			runOnlyForDeploymentPostprocessing = 0;
		};
		E21A4EF81A76E07E00398442 /* Frameworks */ = {
			isa = PBXFrameworksBuildPhase;
			buildActionMask = 2147483647;
			files = (
			);
			runOnlyForDeploymentPostprocessing = 0;
		};
/* End PBXFrameworksBuildPhase section */

/* Begin PBXGroup section */
		E21A4ED91A76E07D00398442 = {
			isa = PBXGroup;
			children = (
				E21A4EE41A76E07D00398442 /* DatDitDot */,
				E21A4EFE1A76E07E00398442 /* DatDitDotTests */,
				E21A4EE31A76E07D00398442 /* Products */,
			);
			sourceTree = "<group>";
		};
		E21A4EE31A76E07D00398442 /* Products */ = {
			isa = PBXGroup;
			children = (
				E21A4EE21A76E07D00398442 /* DatDitDot.app */,
				E21A4EFB1A76E07E00398442 /* DatDitDotTests.xctest */,
			);
			name = Products;
			sourceTree = "<group>";
		};
		E21A4EE41A76E07D00398442 /* DatDitDot */ = {
			isa = PBXGroup;
			children = (
				E2EC49BD1A79B55B00C06522 /* Fonts */,
				E21A4F251A774E5E00398442 /* Images */,
				E21A4F141A77004100398442 /* Levels */,
				E21A4F0B1A76E43E00398442 /* Entities */,
				E2EC49C41A7AB44700C06522 /* Scenes */,
				E2EC49C51A7AB46000C06522 /* Utils */,
				E21A4EE71A76E07D00398442 /* AppDelegate.swift */,
				E21A4EED1A76E07E00398442 /* GameViewController.swift */,
				E21A4EEF1A76E07E00398442 /* Main.storyboard */,
				E21A4EF21A76E07E00398442 /* Images.xcassets */,
				E21A4EF41A76E07E00398442 /* LaunchScreen.xib */,
				E21A4EE51A76E07D00398442 /* Supporting Files */,
			);
			path = DatDitDot;
			sourceTree = "<group>";
		};
		E21A4EE51A76E07D00398442 /* Supporting Files */ = {
			isa = PBXGroup;
			children = (
				E21A4EE61A76E07D00398442 /* Info.plist */,
			);
			name = "Supporting Files";
			sourceTree = "<group>";
		};
		E21A4EFE1A76E07E00398442 /* DatDitDotTests */ = {
			isa = PBXGroup;
			children = (
				E21A4F011A76E07E00398442 /* DatDitDotTests.swift */,
				E21A4EFF1A76E07E00398442 /* Supporting Files */,
			);
			path = DatDitDotTests;
			sourceTree = "<group>";
		};
		E21A4EFF1A76E07E00398442 /* Supporting Files */ = {
			isa = PBXGroup;
			children = (
				E21A4F001A76E07E00398442 /* Info.plist */,
			);
			name = "Supporting Files";
			sourceTree = "<group>";
		};
		E21A4F0B1A76E43E00398442 /* Entities */ = {
			isa = PBXGroup;
			children = (
				E221DF3F1A858E9D00ECEDA1 /* Game Entities */,
				E221DF3E1A858E8C00ECEDA1 /* UI Entities */,
			);
			name = Entities;
			sourceTree = "<group>";
		};
		E21A4F141A77004100398442 /* Levels */ = {
			isa = PBXGroup;
			children = (
				E21A4F1F1A772E1100398442 /* Objective.swift */,
				E2EC49B51A799EC700C06522 /* LevelObjectives.swift */,
				E2EC49B31A799DF700C06522 /* Level.swift */,
				E21A4F191A77024100398442 /* Level1.swift */,
				E2EC49E11A7B102000C06522 /* Level2.swift */,
				E2F7BB361A7D9D3500DA377C /* Level3.swift */,
				E2F7BB321A7C411A00DA377C /* Level10.swift */,
				E2F7BB421A819E7100DA377C /* Level100.swift */,
				E2F7BB381A7DA45100DA377C /* RandomLevel.swift */,
			);
			name = Levels;
			sourceTree = "<group>";
		};
		E21A4F251A774E5E00398442 /* Images */ = {
			isa = PBXGroup;
			children = (
				E2125E9B1A84019400A940E1 /* rainbow_200x200.png */,
				E2125E731A81CFE300A940E1 /* circle.png */,
				E2125E831A82902E00A940E1 /* square_eye.png */,
				E221DF2E1A85436200ECEDA1 /* triangle.png */,
				E221DF381A8551B300ECEDA1 /* leaderboard.png */,
				E221DF321A85466400ECEDA1 /* restart.png */,
				E221DF301A8543D900ECEDA1 /* square.png */,
				E2125E9F1A84367D00A940E1 /* mouth.png */,
				E2125E8B1A829D8C00A940E1 /* circle_eye.png */,
				E2125E951A830CC800A940E1 /* round_rect_100x200.png */,
				E2125E971A830D6600A940E1 /* round_rect_200x100.png */,
				E2125E931A830B5600A940E1 /* round_rect_200x200.png */,
				E221DF441A859AA000ECEDA1 /* grid_60x60.png */,
				E2125EA11A844A6C00A940E1 /* one_finger.png */,
				E2125E991A831B8400A940E1 /* star.png */,
			);
			name = Images;
			sourceTree = "<group>";
		};
		E221DF3E1A858E8C00ECEDA1 /* UI Entities */ = {
			isa = PBXGroup;
			children = (
				E2EC49B11A78746200C06522 /* ObjectiveLabel.swift */,
				E2EC49B91A79AE4A00C06522 /* MessageBox.swift */,
				E221DF3C1A858E0A00ECEDA1 /* BottomHud.swift */,
				E221DF3A1A855D0C00ECEDA1 /* Goals.swift */,
				E221DF401A858ECA00ECEDA1 /* RestartButton.swift */,
				E221DF421A858EEE00ECEDA1 /* LeaderboardButton.swift */,
			);
			name = "UI Entities";
			sourceTree = "<group>";
		};
		E221DF3F1A858E9D00ECEDA1 /* Game Entities */ = {
			isa = PBXGroup;
			children = (
				E21A4F0C1A76E44D00398442 /* Dit.swift */,
				E21A4F0E1A76E45D00398442 /* Dat.swift */,
				E21A4F101A76E46600398442 /* Dot.swift */,
				E21A4F1D1A77271800398442 /* Position.swift */,
				E21A4F1B1A7703EC00398442 /* BaseD.swift */,
				E21A4F211A772EF800398442 /* DUtil.swift */,
			);
			name = "Game Entities";
			sourceTree = "<group>";
		};
		E2EC49BD1A79B55B00C06522 /* Fonts */ = {
			isa = PBXGroup;
			children = (
				E2EC49C01A79B78700C06522 /* Quicksand_Bold.otf */,
				E2EC49BE1A79B6FD00C06522 /* Quicksand_Book.otf */,
				E2F7BB3E1A81605400DA377C /* Odin Rounded - Bold.otf */,
				E2F7BB341A7C5AD200DA377C /* Quicksand SIL OFL License 1.1.txt */,
			);
			name = Fonts;
			sourceTree = "<group>";
		};
		E2EC49C41A7AB44700C06522 /* Scenes */ = {
			isa = PBXGroup;
			children = (
				E21A4EEB1A76E07E00398442 /* GameScene.swift */,
				E2EC49C21A7AB3D200C06522 /* MainMenu.swift */,
				E2125E8D1A82CF2800A940E1 /* LevelEnd.swift */,
			);
			name = Scenes;
			path = ..;
			sourceTree = "<group>";
		};
		E2EC49C51A7AB46000C06522 /* Utils */ = {
			isa = PBXGroup;
			children = (
				E2EC49C61A7ABF9E00C06522 /* SKTUtils */,
				E21A4F171A77019600398442 /* ColorUtils.swift */,
				E235B3871A7773D7009EFA74 /* Util.swift */,
				E2F7BB3C1A808B6300DA377C /* CustomActions.swift */,
			);
			name = Utils;
			sourceTree = "<group>";
		};
		E2EC49C61A7ABF9E00C06522 /* SKTUtils */ = {
			isa = PBXGroup;
			children = (
				E2EC49DF1A7ABFA700C06522 /* LICENSE.txt */,
				E2EC49C71A7ABF9E00C06522 /* CGFloat+Extensions.swift */,
				E2EC49C81A7ABF9E00C06522 /* CGPoint+Extensions.swift */,
				E2EC49C91A7ABF9E00C06522 /* CGVector+Extensions.swift */,
				E2EC49CA1A7ABF9E00C06522 /* Int+Extensions.swift */,
				E2EC49CB1A7ABF9E00C06522 /* SKAction+Extensions.swift */,
				E2EC49CC1A7ABF9E00C06522 /* SKAction+SpecialEffects.swift */,
				E2EC49CD1A7ABF9E00C06522 /* SKColor+Extensions.swift */,
				E2EC49CE1A7ABF9E00C06522 /* SKNode+Extensions.swift */,
				E2EC49CF1A7ABF9E00C06522 /* SKTAudio.swift */,
				E2EC49D01A7ABF9E00C06522 /* SKTEffects.swift */,
				E2EC49D11A7ABF9E00C06522 /* SKTTimingFunctions.swift */,
				E2EC49D21A7ABF9E00C06522 /* Vector3.swift */,
			);
			path = SKTUtils;
			sourceTree = "<group>";
		};
/* End PBXGroup section */

/* Begin PBXNativeTarget section */
		E21A4EE11A76E07D00398442 /* DatDitDot */ = {
			isa = PBXNativeTarget;
			buildConfigurationList = E21A4F051A76E07E00398442 /* Build configuration list for PBXNativeTarget "DatDitDot" */;
			buildPhases = (
				E21A4EDE1A76E07D00398442 /* Sources */,
				E21A4EDF1A76E07D00398442 /* Frameworks */,
				E21A4EE01A76E07D00398442 /* Resources */,
			);
			buildRules = (
			);
			dependencies = (
			);
			name = DatDitDot;
			productName = DatDitDot;
			productReference = E21A4EE21A76E07D00398442 /* DatDitDot.app */;
			productType = "com.apple.product-type.application";
		};
		E21A4EFA1A76E07E00398442 /* DatDitDotTests */ = {
			isa = PBXNativeTarget;
			buildConfigurationList = E21A4F081A76E07E00398442 /* Build configuration list for PBXNativeTarget "DatDitDotTests" */;
			buildPhases = (
				E21A4EF71A76E07E00398442 /* Sources */,
				E21A4EF81A76E07E00398442 /* Frameworks */,
				E21A4EF91A76E07E00398442 /* Resources */,
			);
			buildRules = (
			);
			dependencies = (
				E21A4EFD1A76E07E00398442 /* PBXTargetDependency */,
			);
			name = DatDitDotTests;
			productName = DatDitDotTests;
			productReference = E21A4EFB1A76E07E00398442 /* DatDitDotTests.xctest */;
			productType = "com.apple.product-type.bundle.unit-test";
		};
/* End PBXNativeTarget section */

/* Begin PBXProject section */
		E21A4EDA1A76E07D00398442 /* Project object */ = {
			isa = PBXProject;
			attributes = {
				LastUpgradeCheck = 0610;
				ORGANIZATIONNAME = "Tom Stoneberg";
				TargetAttributes = {
					E21A4EE11A76E07D00398442 = {
						CreatedOnToolsVersion = 6.1.1;
					};
					E21A4EFA1A76E07E00398442 = {
						CreatedOnToolsVersion = 6.1.1;
						TestTargetID = E21A4EE11A76E07D00398442;
					};
				};
			};
			buildConfigurationList = E21A4EDD1A76E07D00398442 /* Build configuration list for PBXProject "DatDitDot" */;
			compatibilityVersion = "Xcode 3.2";
			developmentRegion = English;
			hasScannedForEncodings = 0;
			knownRegions = (
				en,
				Base,
			);
			mainGroup = E21A4ED91A76E07D00398442;
			productRefGroup = E21A4EE31A76E07D00398442 /* Products */;
			projectDirPath = "";
			projectRoot = "";
			targets = (
				E21A4EE11A76E07D00398442 /* DatDitDot */,
				E21A4EFA1A76E07E00398442 /* DatDitDotTests */,
			);
		};
/* End PBXProject section */

/* Begin PBXResourcesBuildPhase section */
		E21A4EE01A76E07D00398442 /* Resources */ = {
			isa = PBXResourcesBuildPhase;
			buildActionMask = 2147483647;
			files = (
				E2F7BB3F1A81605500DA377C /* Odin Rounded - Bold.otf in Resources */,
				E2125E9A1A831B8400A940E1 /* star.png in Resources */,
				E2F7BB351A7C5AD300DA377C /* Quicksand SIL OFL License 1.1.txt in Resources */,
				E2125EA21A844A6C00A940E1 /* one_finger.png in Resources */,
				E221DF331A85466400ECEDA1 /* restart.png in Resources */,
				E2125E9C1A84019400A940E1 /* rainbow_200x200.png in Resources */,
				E2EC49BF1A79B6FD00C06522 /* Quicksand_Book.otf in Resources */,
				E2EC49E01A7ABFA800C06522 /* LICENSE.txt in Resources */,
				E2125E981A830D6600A940E1 /* round_rect_200x100.png in Resources */,
				E2125E961A830CC800A940E1 /* round_rect_100x200.png in Resources */,
				E221DF451A859AA000ECEDA1 /* grid_60x60.png in Resources */,
				E221DF311A8543D900ECEDA1 /* square.png in Resources */,
				E21A4EF61A76E07E00398442 /* LaunchScreen.xib in Resources */,
				E2125EA01A84367D00A940E1 /* mouth.png in Resources */,
				E2125E8C1A829D8C00A940E1 /* circle_eye.png in Resources */,
				E2EC49C11A79B78700C06522 /* Quicksand_Bold.otf in Resources */,
				E21A4EF31A76E07E00398442 /* Images.xcassets in Resources */,
				E2125E841A82902E00A940E1 /* square_eye.png in Resources */,
				E221DF391A8551B300ECEDA1 /* leaderboard.png in Resources */,
				E2125E941A830B5600A940E1 /* round_rect_200x200.png in Resources */,
				E21A4EF11A76E07E00398442 /* Main.storyboard in Resources */,
				E221DF2F1A85436200ECEDA1 /* triangle.png in Resources */,
				E2125E741A81CFE300A940E1 /* circle.png in Resources */,
			);
			runOnlyForDeploymentPostprocessing = 0;
		};
		E21A4EF91A76E07E00398442 /* Resources */ = {
			isa = PBXResourcesBuildPhase;
			buildActionMask = 2147483647;
			files = (
			);
			runOnlyForDeploymentPostprocessing = 0;
		};
/* End PBXResourcesBuildPhase section */

/* Begin PBXSourcesBuildPhase section */
		E21A4EDE1A76E07D00398442 /* Sources */ = {
			isa = PBXSourcesBuildPhase;
			buildActionMask = 2147483647;
			files = (
				E221DF3D1A858E0A00ECEDA1 /* BottomHud.swift in Sources */,
				E21A4F1A1A77024100398442 /* Level1.swift in Sources */,
				E21A4F201A772E1100398442 /* Objective.swift in Sources */,
				E2F7BB431A819E7100DA377C /* Level100.swift in Sources */,
				E21A4EEC1A76E07E00398442 /* GameScene.swift in Sources */,
				E2EC49D71A7ABF9E00C06522 /* SKAction+Extensions.swift in Sources */,
				E2EC49DE1A7ABF9E00C06522 /* Vector3.swift in Sources */,
				E2EC49D51A7ABF9E00C06522 /* CGVector+Extensions.swift in Sources */,
				E2EC49B41A799DF800C06522 /* Level.swift in Sources */,
				E21A4F0D1A76E44D00398442 /* Dit.swift in Sources */,
				E2EC49D31A7ABF9E00C06522 /* CGFloat+Extensions.swift in Sources */,
				E2EC49D41A7ABF9E00C06522 /* CGPoint+Extensions.swift in Sources */,
				E21A4F181A77019600398442 /* ColorUtils.swift in Sources */,
				E2EC49DA1A7ABF9E00C06522 /* SKNode+Extensions.swift in Sources */,
				E2EC49C31A7AB3D200C06522 /* MainMenu.swift in Sources */,
				E2EC49B61A799EC700C06522 /* LevelObjectives.swift in Sources */,
				E2EC49DC1A7ABF9E00C06522 /* SKTEffects.swift in Sources */,
				E221DF431A858EEE00ECEDA1 /* LeaderboardButton.swift in Sources */,
				E21A4F1C1A7703EC00398442 /* BaseD.swift in Sources */,
				E2EC49E21A7B102000C06522 /* Level2.swift in Sources */,
				E221DF3B1A855D0D00ECEDA1 /* Goals.swift in Sources */,
				E2F7BB331A7C411A00DA377C /* Level10.swift in Sources */,
				E2EC49DD1A7ABF9E00C06522 /* SKTTimingFunctions.swift in Sources */,
				E21A4EEE1A76E07E00398442 /* GameViewController.swift in Sources */,
				E235B3881A7773D7009EFA74 /* Util.swift in Sources */,
				E2F7BB3D1A808B6300DA377C /* CustomActions.swift in Sources */,
				E2125E8E1A82CF2800A940E1 /* LevelEnd.swift in Sources */,
				E2EC49D61A7ABF9E00C06522 /* Int+Extensions.swift in Sources */,
				E21A4F0F1A76E45D00398442 /* Dat.swift in Sources */,
				E2EC49D81A7ABF9E00C06522 /* SKAction+SpecialEffects.swift in Sources */,
				E21A4F221A772EF800398442 /* DUtil.swift in Sources */,
				E21A4EE81A76E07D00398442 /* AppDelegate.swift in Sources */,
				E221DF411A858ECA00ECEDA1 /* RestartButton.swift in Sources */,
				E2F7BB391A7DA45100DA377C /* RandomLevel.swift in Sources */,
				E21A4F1E1A77271800398442 /* Position.swift in Sources */,
				E2EC49BA1A79AE4A00C06522 /* MessageBox.swift in Sources */,
				E2EC49B21A78746200C06522 /* ObjectiveLabel.swift in Sources */,
				E2F7BB371A7D9D3500DA377C /* Level3.swift in Sources */,
				E2EC49DB1A7ABF9E00C06522 /* SKTAudio.swift in Sources */,
				E21A4F111A76E46600398442 /* Dot.swift in Sources */,
				E2EC49D91A7ABF9E00C06522 /* SKColor+Extensions.swift in Sources */,
			);
			runOnlyForDeploymentPostprocessing = 0;
		};
		E21A4EF71A76E07E00398442 /* Sources */ = {
			isa = PBXSourcesBuildPhase;
			buildActionMask = 2147483647;
			files = (
				E21A4F021A76E07E00398442 /* DatDitDotTests.swift in Sources */,
			);
			runOnlyForDeploymentPostprocessing = 0;
		};
/* End PBXSourcesBuildPhase section */

/* Begin PBXTargetDependency section */
		E21A4EFD1A76E07E00398442 /* PBXTargetDependency */ = {
			isa = PBXTargetDependency;
			target = E21A4EE11A76E07D00398442 /* DatDitDot */;
			targetProxy = E21A4EFC1A76E07E00398442 /* PBXContainerItemProxy */;
		};
/* End PBXTargetDependency section */

/* Begin PBXVariantGroup section */
		E21A4EEF1A76E07E00398442 /* Main.storyboard */ = {
			isa = PBXVariantGroup;
			children = (
				E21A4EF01A76E07E00398442 /* Base */,
			);
			name = Main.storyboard;
			sourceTree = "<group>";
		};
		E21A4EF41A76E07E00398442 /* LaunchScreen.xib */ = {
			isa = PBXVariantGroup;
			children = (
				E21A4EF51A76E07E00398442 /* Base */,
			);
			name = LaunchScreen.xib;
			sourceTree = "<group>";
		};
/* End PBXVariantGroup section */

/* Begin XCBuildConfiguration section */
		E21A4F031A76E07E00398442 /* Debug */ = {
			isa = XCBuildConfiguration;
			buildSettings = {
				ALWAYS_SEARCH_USER_PATHS = NO;
				CLANG_CXX_LANGUAGE_STANDARD = "gnu++0x";
				CLANG_CXX_LIBRARY = "libc++";
				CLANG_ENABLE_MODULES = YES;
				CLANG_ENABLE_OBJC_ARC = YES;
				CLANG_WARN_BOOL_CONVERSION = YES;
				CLANG_WARN_CONSTANT_CONVERSION = YES;
				CLANG_WARN_DIRECT_OBJC_ISA_USAGE = YES_ERROR;
				CLANG_WARN_EMPTY_BODY = YES;
				CLANG_WARN_ENUM_CONVERSION = YES;
				CLANG_WARN_INT_CONVERSION = YES;
				CLANG_WARN_OBJC_ROOT_CLASS = YES_ERROR;
				CLANG_WARN_UNREACHABLE_CODE = YES;
				CLANG_WARN__DUPLICATE_METHOD_MATCH = YES;
				"CODE_SIGN_IDENTITY[sdk=iphoneos*]" = "iPhone Developer";
				COPY_PHASE_STRIP = NO;
				ENABLE_STRICT_OBJC_MSGSEND = YES;
				GCC_C_LANGUAGE_STANDARD = gnu99;
				GCC_DYNAMIC_NO_PIC = NO;
				GCC_OPTIMIZATION_LEVEL = 0;
				GCC_PREPROCESSOR_DEFINITIONS = (
					"DEBUG=1",
					"$(inherited)",
				);
				GCC_SYMBOLS_PRIVATE_EXTERN = NO;
				GCC_WARN_64_TO_32_BIT_CONVERSION = YES;
				GCC_WARN_ABOUT_RETURN_TYPE = YES_ERROR;
				GCC_WARN_UNDECLARED_SELECTOR = YES;
				GCC_WARN_UNINITIALIZED_AUTOS = YES_AGGRESSIVE;
				GCC_WARN_UNUSED_FUNCTION = YES;
				GCC_WARN_UNUSED_VARIABLE = YES;
				IPHONEOS_DEPLOYMENT_TARGET = 8.1;
				MTL_ENABLE_DEBUG_INFO = YES;
				ONLY_ACTIVE_ARCH = YES;
				SDKROOT = iphoneos;
				SWIFT_OPTIMIZATION_LEVEL = "-Onone";
				TARGETED_DEVICE_FAMILY = "1,2";
			};
			name = Debug;
		};
		E21A4F041A76E07E00398442 /* Release */ = {
			isa = XCBuildConfiguration;
			buildSettings = {
				ALWAYS_SEARCH_USER_PATHS = NO;
				CLANG_CXX_LANGUAGE_STANDARD = "gnu++0x";
				CLANG_CXX_LIBRARY = "libc++";
				CLANG_ENABLE_MODULES = YES;
				CLANG_ENABLE_OBJC_ARC = YES;
				CLANG_WARN_BOOL_CONVERSION = YES;
				CLANG_WARN_CONSTANT_CONVERSION = YES;
				CLANG_WARN_DIRECT_OBJC_ISA_USAGE = YES_ERROR;
				CLANG_WARN_EMPTY_BODY = YES;
				CLANG_WARN_ENUM_CONVERSION = YES;
				CLANG_WARN_INT_CONVERSION = YES;
				CLANG_WARN_OBJC_ROOT_CLASS = YES_ERROR;
				CLANG_WARN_UNREACHABLE_CODE = YES;
				CLANG_WARN__DUPLICATE_METHOD_MATCH = YES;
				"CODE_SIGN_IDENTITY[sdk=iphoneos*]" = "iPhone Developer";
				COPY_PHASE_STRIP = YES;
				ENABLE_NS_ASSERTIONS = NO;
				ENABLE_STRICT_OBJC_MSGSEND = YES;
				GCC_C_LANGUAGE_STANDARD = gnu99;
				GCC_WARN_64_TO_32_BIT_CONVERSION = YES;
				GCC_WARN_ABOUT_RETURN_TYPE = YES_ERROR;
				GCC_WARN_UNDECLARED_SELECTOR = YES;
				GCC_WARN_UNINITIALIZED_AUTOS = YES_AGGRESSIVE;
				GCC_WARN_UNUSED_FUNCTION = YES;
				GCC_WARN_UNUSED_VARIABLE = YES;
				IPHONEOS_DEPLOYMENT_TARGET = 8.1;
				MTL_ENABLE_DEBUG_INFO = NO;
				SDKROOT = iphoneos;
				TARGETED_DEVICE_FAMILY = "1,2";
				VALIDATE_PRODUCT = YES;
			};
			name = Release;
		};
		E21A4F061A76E07E00398442 /* Debug */ = {
			isa = XCBuildConfiguration;
			buildSettings = {
				ASSETCATALOG_COMPILER_APPICON_NAME = AppIcon;
				INFOPLIST_FILE = DatDitDot/Info.plist;
				LD_RUNPATH_SEARCH_PATHS = "$(inherited) @executable_path/Frameworks";
				PRODUCT_NAME = "$(TARGET_NAME)";
			};
			name = Debug;
		};
		E21A4F071A76E07E00398442 /* Release */ = {
			isa = XCBuildConfiguration;
			buildSettings = {
				ASSETCATALOG_COMPILER_APPICON_NAME = AppIcon;
				INFOPLIST_FILE = DatDitDot/Info.plist;
				LD_RUNPATH_SEARCH_PATHS = "$(inherited) @executable_path/Frameworks";
				PRODUCT_NAME = "$(TARGET_NAME)";
			};
			name = Release;
		};
		E21A4F091A76E07E00398442 /* Debug */ = {
			isa = XCBuildConfiguration;
			buildSettings = {
				BUNDLE_LOADER = "$(TEST_HOST)";
				FRAMEWORK_SEARCH_PATHS = (
					"$(SDKROOT)/Developer/Library/Frameworks",
					"$(inherited)",
				);
				GCC_PREPROCESSOR_DEFINITIONS = (
					"DEBUG=1",
					"$(inherited)",
				);
				INFOPLIST_FILE = DatDitDotTests/Info.plist;
				LD_RUNPATH_SEARCH_PATHS = "$(inherited) @executable_path/Frameworks @loader_path/Frameworks";
				PRODUCT_NAME = "$(TARGET_NAME)";
				TEST_HOST = "$(BUILT_PRODUCTS_DIR)/DatDitDot.app/DatDitDot";
			};
			name = Debug;
		};
		E21A4F0A1A76E07E00398442 /* Release */ = {
			isa = XCBuildConfiguration;
			buildSettings = {
				BUNDLE_LOADER = "$(TEST_HOST)";
				FRAMEWORK_SEARCH_PATHS = (
					"$(SDKROOT)/Developer/Library/Frameworks",
					"$(inherited)",
				);
				INFOPLIST_FILE = DatDitDotTests/Info.plist;
				LD_RUNPATH_SEARCH_PATHS = "$(inherited) @executable_path/Frameworks @loader_path/Frameworks";
				PRODUCT_NAME = "$(TARGET_NAME)";
				TEST_HOST = "$(BUILT_PRODUCTS_DIR)/DatDitDot.app/DatDitDot";
			};
			name = Release;
		};
/* End XCBuildConfiguration section */

/* Begin XCConfigurationList section */
		E21A4EDD1A76E07D00398442 /* Build configuration list for PBXProject "DatDitDot" */ = {
			isa = XCConfigurationList;
			buildConfigurations = (
				E21A4F031A76E07E00398442 /* Debug */,
				E21A4F041A76E07E00398442 /* Release */,
			);
			defaultConfigurationIsVisible = 0;
			defaultConfigurationName = Release;
		};
		E21A4F051A76E07E00398442 /* Build configuration list for PBXNativeTarget "DatDitDot" */ = {
			isa = XCConfigurationList;
			buildConfigurations = (
				E21A4F061A76E07E00398442 /* Debug */,
				E21A4F071A76E07E00398442 /* Release */,
			);
			defaultConfigurationIsVisible = 0;
			defaultConfigurationName = Release;
		};
		E21A4F081A76E07E00398442 /* Build configuration list for PBXNativeTarget "DatDitDotTests" */ = {
			isa = XCConfigurationList;
			buildConfigurations = (
				E21A4F091A76E07E00398442 /* Debug */,
				E21A4F0A1A76E07E00398442 /* Release */,
			);
			defaultConfigurationIsVisible = 0;
			defaultConfigurationName = Release;
		};
/* End XCConfigurationList section */
	};
	rootObject = E21A4EDA1A76E07D00398442 /* Project object */;
}
